
Microsoft Visual Studio Solution File, Format Version 12.00
# Visual Studio Version 16
VisualStudioVersion = 16.0.29009.5
MinimumVisualStudioVersion = 10.0.40219.1
Project("{FAE04EC0-301F-11D3-BF4B-00C04F79EFBC}") = "CatApp.Android", "CatApp\CatApp.Android\CatApp.Android.csproj", "{AE2ABA54-8285-4740-B58F-E834FF0DF9E6}"
EndProject
Project("{FAE04EC0-301F-11D3-BF4B-00C04F79EFBC}") = "CatApp", "CatApp\CatApp\CatApp.csproj", "{1D185750-6D2C-4D4B-8885-5696062F68BD}"
EndProject
Global
	GlobalSection(SolutionConfigurationPlatforms) = preSolution
		Debug|Any CPU = Debug|Any CPU
		Release|Any CPU = Release|Any CPU
	EndGlobalSection
	GlobalSection(ProjectConfigurationPlatforms) = postSolution
		{AE2ABA54-8285-4740-B58F-E834FF0DF9E6}.Debug|Any CPU.ActiveCfg = Debug|Any CPU
		{AE2ABA54-8285-4740-B58F-E834FF0DF9E6}.Debug|Any CPU.Build.0 = Debug|Any CPU
		{AE2ABA54-8285-4740-B58F-E834FF0DF9E6}.Debug|Any CPU.Deploy.0 = Debug|Any CPU
		{AE2ABA54-8285-4740-B58F-E834FF0DF9E6}.Release|Any CPU.ActiveCfg = Release|Any CPU
		{AE2ABA54-8285-4740-B58F-E834FF0DF9E6}.Release|Any CPU.Build.0 = Release|Any CPU
		{AE2ABA54-8285-4740-B58F-E834FF0DF9E6}.Release|Any CPU.Deploy.0 = Release|Any CPU
		{1D185750-6D2C-4D4B-8885-5696062F68BD}.Debug|Any CPU.ActiveCfg = Debug|Any CPU
		{1D185750-6D2C-4D4B-8885-5696062F68BD}.Debug|Any CPU.Build.0 = Debug|Any CPU
		{1D185750-6D2C-4D4B-8885-5696062F68BD}.Debug|Any CPU.Deploy.0 = Debug|Any CPU
		{1D185750-6D2C-4D4B-8885-5696062F68BD}.Release|Any CPU.ActiveCfg = Release|Any CPU
		{1D185750-6D2C-4D4B-8885-5696062F68BD}.Release|Any CPU.Build.0 = Release|Any CPU
		{1D185750-6D2C-4D4B-8885-5696062F68BD}.Release|Any CPU.Deploy.0 = Release|Any CPU
	EndGlobalSection
	GlobalSection(SolutionProperties) = preSolution
		HideSolutionNode = FALSE
	EndGlobalSection
	GlobalSection(ExtensibilityGlobals) = postSolution
		SolutionGuid = {1ED28840-B4D2-4CB7-BB28-081C47A24E91}
	EndGlobalSection
EndGlobal
